// !$*UTF8*$!
{
	archiveVersion = 1;
	classes = {
	};
	objectVersion = 56;
	objects = {

/* Begin PBXBuildFile section */
		AA2ED6D62C0770070021BEC0 /* CryptoAppApp.swift in Sources */ = {isa = PBXBuildFile; fileRef = AA2ED6D52C0770070021BEC0 /* CryptoAppApp.swift */; };
		AA2ED6D82C0770070021BEC0 /* ContentView.swift in Sources */ = {isa = PBXBuildFile; fileRef = AA2ED6D72C0770070021BEC0 /* ContentView.swift */; };
		AA2ED6DD2C0770080021BEC0 /* Preview Assets.xcassets in Resources */ = {isa = PBXBuildFile; fileRef = AA2ED6DC2C0770080021BEC0 /* Preview Assets.xcassets */; };
		AA2ED6E42C0770B90021BEC0 /* Assets.xcassets in Resources */ = {isa = PBXBuildFile; fileRef = AA2ED6E32C0770B80021BEC0 /* Assets.xcassets */; };
		AA2ED6E72C0772070021BEC0 /* Color.swift in Sources */ = {isa = PBXBuildFile; fileRef = AA2ED6E62C0772070021BEC0 /* Color.swift */; };
		AA2ED6ED2C0775060021BEC0 /* HomeView.swift in Sources */ = {isa = PBXBuildFile; fileRef = AA2ED6EC2C0775060021BEC0 /* HomeView.swift */; };
		AA2ED6F12C0775B10021BEC0 /* CircleButtonView.swift in Sources */ = {isa = PBXBuildFile; fileRef = AA2ED6F02C0775B10021BEC0 /* CircleButtonView.swift */; };
		AA2ED6F32C0779EE0021BEC0 /* CircleButtonAnimationView.swift in Sources */ = {isa = PBXBuildFile; fileRef = AA2ED6F22C0779EE0021BEC0 /* CircleButtonAnimationView.swift */; };
		AA2ED6F52C077DD20021BEC0 /* View+NoAnimation.swift in Sources */ = {isa = PBXBuildFile; fileRef = AA2ED6F42C077DD20021BEC0 /* View+NoAnimation.swift */; };
		AA2ED6F82C0781030021BEC0 /* Coin.swift in Sources */ = {isa = PBXBuildFile; fileRef = AA2ED6F72C0781030021BEC0 /* Coin.swift */; };
		AA2ED6FB2C0787070021BEC0 /* CoinListingRequest.swift in Sources */ = {isa = PBXBuildFile; fileRef = AA2ED6FA2C0787070021BEC0 /* CoinListingRequest.swift */; };
		AA2ED6FE2C0789CD0021BEC0 /* NetworkingModule in Frameworks */ = {isa = PBXBuildFile; productRef = AA2ED6FD2C0789CD0021BEC0 /* NetworkingModule */; };
/* End PBXBuildFile section */

/* Begin PBXFileReference section */
		AA2ED6D22C0770070021BEC0 /* CryptoApp.app */ = {isa = PBXFileReference; explicitFileType = wrapper.application; includeInIndex = 0; path = CryptoApp.app; sourceTree = BUILT_PRODUCTS_DIR; };
		AA2ED6D52C0770070021BEC0 /* CryptoAppApp.swift */ = {isa = PBXFileReference; lastKnownFileType = sourcecode.swift; path = CryptoAppApp.swift; sourceTree = "<group>"; };
		AA2ED6D72C0770070021BEC0 /* ContentView.swift */ = {isa = PBXFileReference; lastKnownFileType = sourcecode.swift; path = ContentView.swift; sourceTree = "<group>"; };
		AA2ED6DC2C0770080021BEC0 /* Preview Assets.xcassets */ = {isa = PBXFileReference; lastKnownFileType = folder.assetcatalog; path = "Preview Assets.xcassets"; sourceTree = "<group>"; };
		AA2ED6E32C0770B80021BEC0 /* Assets.xcassets */ = {isa = PBXFileReference; lastKnownFileType = folder.assetcatalog; name = Assets.xcassets; path = "Preview Content/Assets.xcassets"; sourceTree = "<group>"; };
		AA2ED6E62C0772070021BEC0 /* Color.swift */ = {isa = PBXFileReference; lastKnownFileType = sourcecode.swift; path = Color.swift; sourceTree = "<group>"; };
		AA2ED6EC2C0775060021BEC0 /* HomeView.swift */ = {isa = PBXFileReference; lastKnownFileType = sourcecode.swift; path = HomeView.swift; sourceTree = "<group>"; };
		AA2ED6F02C0775B10021BEC0 /* CircleButtonView.swift */ = {isa = PBXFileReference; lastKnownFileType = sourcecode.swift; path = CircleButtonView.swift; sourceTree = "<group>"; };
		AA2ED6F22C0779EE0021BEC0 /* CircleButtonAnimationView.swift */ = {isa = PBXFileReference; lastKnownFileType = sourcecode.swift; path = CircleButtonAnimationView.swift; sourceTree = "<group>"; };
		AA2ED6F42C077DD20021BEC0 /* View+NoAnimation.swift */ = {isa = PBXFileReference; lastKnownFileType = sourcecode.swift; path = "View+NoAnimation.swift"; sourceTree = "<group>"; };
		AA2ED6F72C0781030021BEC0 /* Coin.swift */ = {isa = PBXFileReference; lastKnownFileType = sourcecode.swift; path = Coin.swift; sourceTree = "<group>"; };
		AA2ED6FA2C0787070021BEC0 /* CoinListingRequest.swift */ = {isa = PBXFileReference; lastKnownFileType = sourcecode.swift; path = CoinListingRequest.swift; sourceTree = "<group>"; };
/* End PBXFileReference section */

/* Begin PBXFrameworksBuildPhase section */
		AA2ED6CF2C0770070021BEC0 /* Frameworks */ = {
			isa = PBXFrameworksBuildPhase;
			buildActionMask = 2147483647;
			files = (
				AA2ED6FE2C0789CD0021BEC0 /* NetworkingModule in Frameworks */,
			);
			runOnlyForDeploymentPostprocessing = 0;
		};
/* End PBXFrameworksBuildPhase section */

/* Begin PBXGroup section */
		AA2ED6C92C0770070021BEC0 = {
			isa = PBXGroup;
			children = (
				AA2ED6D42C0770070021BEC0 /* CryptoApp */,
				AA2ED6D32C0770070021BEC0 /* Products */,
			);
			sourceTree = "<group>";
		};
		AA2ED6D32C0770070021BEC0 /* Products */ = {
			isa = PBXGroup;
			children = (
				AA2ED6D22C0770070021BEC0 /* CryptoApp.app */,
			);
			name = Products;
			sourceTree = "<group>";
		};
		AA2ED6D42C0770070021BEC0 /* CryptoApp */ = {
			isa = PBXGroup;
			children = (
				AA2ED6F92C0786EF0021BEC0 /* Networking */,
				AA2ED6F62C0780F60021BEC0 /* Models */,
				AA2ED6E82C0774DA0021BEC0 /* Core */,
				AA2ED6E52C0771FC0021BEC0 /* Extensions */,
				AA2ED6E32C0770B80021BEC0 /* Assets.xcassets */,
				AA2ED6D52C0770070021BEC0 /* CryptoAppApp.swift */,
				AA2ED6D72C0770070021BEC0 /* ContentView.swift */,
				AA2ED6DB2C0770080021BEC0 /* Preview Content */,
			);
			path = CryptoApp;
			sourceTree = "<group>";
		};
		AA2ED6DB2C0770080021BEC0 /* Preview Content */ = {
			isa = PBXGroup;
			children = (
				AA2ED6DC2C0770080021BEC0 /* Preview Assets.xcassets */,
			);
			path = "Preview Content";
			sourceTree = "<group>";
		};
		AA2ED6E52C0771FC0021BEC0 /* Extensions */ = {
			isa = PBXGroup;
			children = (
				AA2ED6E62C0772070021BEC0 /* Color.swift */,
				AA2ED6F42C077DD20021BEC0 /* View+NoAnimation.swift */,
			);
			path = Extensions;
			sourceTree = "<group>";
		};
		AA2ED6E82C0774DA0021BEC0 /* Core */ = {
			isa = PBXGroup;
			children = (
				AA2ED6EE2C07758F0021BEC0 /* Shared */,
				AA2ED6EA2C0774ED0021BEC0 /* Home */,
			);
			path = Core;
			sourceTree = "<group>";
		};
		AA2ED6E92C0774DF0021BEC0 /* Views */ = {
			isa = PBXGroup;
			children = (
				AA2ED6EC2C0775060021BEC0 /* HomeView.swift */,
			);
			path = Views;
			sourceTree = "<group>";
		};
		AA2ED6EA2C0774ED0021BEC0 /* Home */ = {
			isa = PBXGroup;
			children = (
				AA2ED6EB2C0774F20021BEC0 /* ViewModels */,
				AA2ED6E92C0774DF0021BEC0 /* Views */,
			);
			path = Home;
			sourceTree = "<group>";
		};
		AA2ED6EB2C0774F20021BEC0 /* ViewModels */ = {
			isa = PBXGroup;
			children = (
			);
			path = ViewModels;
			sourceTree = "<group>";
		};
		AA2ED6EE2C07758F0021BEC0 /* Shared */ = {
			isa = PBXGroup;
			children = (
				AA2ED6EF2C0775A10021BEC0 /* CircleButton */,
			);
			path = Shared;
			sourceTree = "<group>";
		};
		AA2ED6EF2C0775A10021BEC0 /* CircleButton */ = {
			isa = PBXGroup;
			children = (
				AA2ED6F02C0775B10021BEC0 /* CircleButtonView.swift */,
				AA2ED6F22C0779EE0021BEC0 /* CircleButtonAnimationView.swift */,
			);
			path = CircleButton;
			sourceTree = "<group>";
		};
		AA2ED6F62C0780F60021BEC0 /* Models */ = {
			isa = PBXGroup;
			children = (
				AA2ED6F72C0781030021BEC0 /* Coin.swift */,
			);
			path = Models;
			sourceTree = "<group>";
		};
		AA2ED6F92C0786EF0021BEC0 /* Networking */ = {
			isa = PBXGroup;
			children = (
				AA2ED6FA2C0787070021BEC0 /* CoinListingRequest.swift */,
			);
			path = Networking;
			sourceTree = "<group>";
		};
/* End PBXGroup section */

/* Begin PBXNativeTarget section */
		AA2ED6D12C0770070021BEC0 /* CryptoApp */ = {
			isa = PBXNativeTarget;
			buildConfigurationList = AA2ED6E02C0770080021BEC0 /* Build configuration list for PBXNativeTarget "CryptoApp" */;
			buildPhases = (
				AA2ED6CE2C0770070021BEC0 /* Sources */,
				AA2ED6CF2C0770070021BEC0 /* Frameworks */,
				AA2ED6D02C0770070021BEC0 /* Resources */,
			);
			buildRules = (
			);
			dependencies = (
			);
			name = CryptoApp;
			packageProductDependencies = (
				AA2ED6FD2C0789CD0021BEC0 /* NetworkingModule */,
			);
			productName = CryptoApp;
			productReference = AA2ED6D22C0770070021BEC0 /* CryptoApp.app */;
			productType = "com.apple.product-type.application";
		};
/* End PBXNativeTarget section */

/* Begin PBXProject section */
		AA2ED6CA2C0770070021BEC0 /* Project object */ = {
			isa = PBXProject;
			attributes = {
				BuildIndependentTargetsInParallel = 1;
				LastSwiftUpdateCheck = 1530;
				LastUpgradeCheck = 1530;
				TargetAttributes = {
					AA2ED6D12C0770070021BEC0 = {
						CreatedOnToolsVersion = 15.3;
					};
				};
			};
			buildConfigurationList = AA2ED6CD2C0770070021BEC0 /* Build configuration list for PBXProject "CryptoApp" */;
			compatibilityVersion = "Xcode 14.0";
			developmentRegion = en;
			hasScannedForEncodings = 0;
			knownRegions = (
				en,
				Base,
			);
			mainGroup = AA2ED6C92C0770070021BEC0;
			packageReferences = (
				AA2ED6FC2C0789CD0021BEC0 /* XCRemoteSwiftPackageReference "RSGNetworkingPackage" */,
			);
			productRefGroup = AA2ED6D32C0770070021BEC0 /* Products */;
			projectDirPath = "";
			projectRoot = "";
			targets = (
				AA2ED6D12C0770070021BEC0 /* CryptoApp */,
			);
		};
/* End PBXProject section */

/* Begin PBXResourcesBuildPhase section */
		AA2ED6D02C0770070021BEC0 /* Resources */ = {
			isa = PBXResourcesBuildPhase;
			buildActionMask = 2147483647;
			files = (
				AA2ED6DD2C0770080021BEC0 /* Preview Assets.xcassets in Resources */,
				AA2ED6E42C0770B90021BEC0 /* Assets.xcassets in Resources */,
			);
			runOnlyForDeploymentPostprocessing = 0;
		};
/* End PBXResourcesBuildPhase section */

/* Begin PBXSourcesBuildPhase section */
		AA2ED6CE2C0770070021BEC0 /* Sources */ = {
			isa = PBXSourcesBuildPhase;
			buildActionMask = 2147483647;
			files = (
				AA2ED6D82C0770070021BEC0 /* ContentView.swift in Sources */,
				AA2ED6FB2C0787070021BEC0 /* CoinListingRequest.swift in Sources */,
				AA2ED6ED2C0775060021BEC0 /* HomeView.swift in Sources */,
				AA2ED6D62C0770070021BEC0 /* CryptoAppApp.swift in Sources */,
				AA2ED6F52C077DD20021BEC0 /* View+NoAnimation.swift in Sources */,
				AA2ED6F82C0781030021BEC0 /* Coin.swift in Sources */,
				AA2ED6F12C0775B10021BEC0 /* CircleButtonView.swift in Sources */,
				AA2ED6E72C0772070021BEC0 /* Color.swift in Sources */,
				AA2ED6F32C0779EE0021BEC0 /* CircleButtonAnimationView.swift in Sources */,
			);
			runOnlyForDeploymentPostprocessing = 0;
		};
/* End PBXSourcesBuildPhase section */

/* Begin XCBuildConfiguration section */
		AA2ED6DE2C0770080021BEC0 /* Debug */ = {
			isa = XCBuildConfiguration;
			buildSettings = {
				ALWAYS_SEARCH_USER_PATHS = NO;
				ASSETCATALOG_COMPILER_GENERATE_SWIFT_ASSET_SYMBOL_EXTENSIONS = YES;
				CLANG_ANALYZER_NONNULL = YES;
				CLANG_ANALYZER_NUMBER_OBJECT_CONVERSION = YES_AGGRESSIVE;
				CLANG_CXX_LANGUAGE_STANDARD = "gnu++20";
				CLANG_ENABLE_MODULES = YES;
				CLANG_ENABLE_OBJC_ARC = YES;
				CLANG_ENABLE_OBJC_WEAK = YES;
				CLANG_WARN_BLOCK_CAPTURE_AUTORELEASING = YES;
				CLANG_WARN_BOOL_CONVERSION = YES;
				CLANG_WARN_COMMA = YES;
				CLANG_WARN_CONSTANT_CONVERSION = YES;
				CLANG_WARN_DEPRECATED_OBJC_IMPLEMENTATIONS = YES;
				CLANG_WARN_DIRECT_OBJC_ISA_USAGE = YES_ERROR;
				CLANG_WARN_DOCUMENTATION_COMMENTS = YES;
				CLANG_WARN_EMPTY_BODY = YES;
				CLANG_WARN_ENUM_CONVERSION = YES;
				CLANG_WARN_INFINITE_RECURSION = YES;
				CLANG_WARN_INT_CONVERSION = YES;
				CLANG_WARN_NON_LITERAL_NULL_CONVERSION = YES;
				CLANG_WARN_OBJC_IMPLICIT_RETAIN_SELF = YES;
				CLANG_WARN_OBJC_LITERAL_CONVERSION = YES;
				CLANG_WARN_OBJC_ROOT_CLASS = YES_ERROR;
				CLANG_WARN_QUOTED_INCLUDE_IN_FRAMEWORK_HEADER = YES;
				CLANG_WARN_RANGE_LOOP_ANALYSIS = YES;
				CLANG_WARN_STRICT_PROTOTYPES = YES;
				CLANG_WARN_SUSPICIOUS_MOVE = YES;
				CLANG_WARN_UNGUARDED_AVAILABILITY = YES_AGGRESSIVE;
				CLANG_WARN_UNREACHABLE_CODE = YES;
				CLANG_WARN__DUPLICATE_METHOD_MATCH = YES;
				COPY_PHASE_STRIP = NO;
				DEBUG_INFORMATION_FORMAT = dwarf;
				ENABLE_STRICT_OBJC_MSGSEND = YES;
				ENABLE_TESTABILITY = YES;
				ENABLE_USER_SCRIPT_SANDBOXING = YES;
				GCC_C_LANGUAGE_STANDARD = gnu17;
				GCC_DYNAMIC_NO_PIC = NO;
				GCC_NO_COMMON_BLOCKS = YES;
				GCC_OPTIMIZATION_LEVEL = 0;
				GCC_PREPROCESSOR_DEFINITIONS = (
					"DEBUG=1",
					"$(inherited)",
				);
				GCC_WARN_64_TO_32_BIT_CONVERSION = YES;
				GCC_WARN_ABOUT_RETURN_TYPE = YES_ERROR;
				GCC_WARN_UNDECLARED_SELECTOR = YES;
				GCC_WARN_UNINITIALIZED_AUTOS = YES_AGGRESSIVE;
				GCC_WARN_UNUSED_FUNCTION = YES;
				GCC_WARN_UNUSED_VARIABLE = YES;
				IPHONEOS_DEPLOYMENT_TARGET = 17.4;
				LOCALIZATION_PREFERS_STRING_CATALOGS = YES;
				MTL_ENABLE_DEBUG_INFO = INCLUDE_SOURCE;
				MTL_FAST_MATH = YES;
				ONLY_ACTIVE_ARCH = YES;
				SDKROOT = iphoneos;
				SWIFT_ACTIVE_COMPILATION_CONDITIONS = "DEBUG $(inherited)";
				SWIFT_OPTIMIZATION_LEVEL = "-Onone";
			};
			name = Debug;
		};
		AA2ED6DF2C0770080021BEC0 /* Release */ = {
			isa = XCBuildConfiguration;
			buildSettings = {
				ALWAYS_SEARCH_USER_PATHS = NO;
				ASSETCATALOG_COMPILER_GENERATE_SWIFT_ASSET_SYMBOL_EXTENSIONS = YES;
				CLANG_ANALYZER_NONNULL = YES;
				CLANG_ANALYZER_NUMBER_OBJECT_CONVERSION = YES_AGGRESSIVE;
				CLANG_CXX_LANGUAGE_STANDARD = "gnu++20";
				CLANG_ENABLE_MODULES = YES;
				CLANG_ENABLE_OBJC_ARC = YES;
				CLANG_ENABLE_OBJC_WEAK = YES;
				CLANG_WARN_BLOCK_CAPTURE_AUTORELEASING = YES;
				CLANG_WARN_BOOL_CONVERSION = YES;
				CLANG_WARN_COMMA = YES;
				CLANG_WARN_CONSTANT_CONVERSION = YES;
				CLANG_WARN_DEPRECATED_OBJC_IMPLEMENTATIONS = YES;
				CLANG_WARN_DIRECT_OBJC_ISA_USAGE = YES_ERROR;
				CLANG_WARN_DOCUMENTATION_COMMENTS = YES;
				CLANG_WARN_EMPTY_BODY = YES;
				CLANG_WARN_ENUM_CONVERSION = YES;
				CLANG_WARN_INFINITE_RECURSION = YES;
				CLANG_WARN_INT_CONVERSION = YES;
				CLANG_WARN_NON_LITERAL_NULL_CONVERSION = YES;
				CLANG_WARN_OBJC_IMPLICIT_RETAIN_SELF = YES;
				CLANG_WARN_OBJC_LITERAL_CONVERSION = YES;
				CLANG_WARN_OBJC_ROOT_CLASS = YES_ERROR;
				CLANG_WARN_QUOTED_INCLUDE_IN_FRAMEWORK_HEADER = YES;
				CLANG_WARN_RANGE_LOOP_ANALYSIS = YES;
				CLANG_WARN_STRICT_PROTOTYPES = YES;
				CLANG_WARN_SUSPICIOUS_MOVE = YES;
				CLANG_WARN_UNGUARDED_AVAILABILITY = YES_AGGRESSIVE;
				CLANG_WARN_UNREACHABLE_CODE = YES;
				CLANG_WARN__DUPLICATE_METHOD_MATCH = YES;
				COPY_PHASE_STRIP = NO;
				DEBUG_INFORMATION_FORMAT = "dwarf-with-dsym";
				ENABLE_NS_ASSERTIONS = NO;
				ENABLE_STRICT_OBJC_MSGSEND = YES;
				ENABLE_USER_SCRIPT_SANDBOXING = YES;
				GCC_C_LANGUAGE_STANDARD = gnu17;
				GCC_NO_COMMON_BLOCKS = YES;
				GCC_WARN_64_TO_32_BIT_CONVERSION = YES;
				GCC_WARN_ABOUT_RETURN_TYPE = YES_ERROR;
				GCC_WARN_UNDECLARED_SELECTOR = YES;
				GCC_WARN_UNINITIALIZED_AUTOS = YES_AGGRESSIVE;
				GCC_WARN_UNUSED_FUNCTION = YES;
				GCC_WARN_UNUSED_VARIABLE = YES;
				IPHONEOS_DEPLOYMENT_TARGET = 17.4;
				LOCALIZATION_PREFERS_STRING_CATALOGS = YES;
				MTL_ENABLE_DEBUG_INFO = NO;
				MTL_FAST_MATH = YES;
				SDKROOT = iphoneos;
				SWIFT_COMPILATION_MODE = wholemodule;
				VALIDATE_PRODUCT = YES;
			};
			name = Release;
		};
		AA2ED6E12C0770080021BEC0 /* Debug */ = {
			isa = XCBuildConfiguration;
			buildSettings = {
				ASSETCATALOG_COMPILER_APPICON_NAME = AppIcon;
				ASSETCATALOG_COMPILER_GLOBAL_ACCENT_COLOR_NAME = AccentColor;
				CODE_SIGN_STYLE = Automatic;
				CURRENT_PROJECT_VERSION = 1;
				DEVELOPMENT_ASSET_PATHS = "\"CryptoApp/Preview Content\"";
				DEVELOPMENT_TEAM = FMHB2W3446;
				ENABLE_PREVIEWS = YES;
				GENERATE_INFOPLIST_FILE = YES;
				INFOPLIST_KEY_CFBundleDisplayName = CryptoApp;
				INFOPLIST_KEY_UIApplicationSceneManifest_Generation = YES;
				INFOPLIST_KEY_UIApplicationSupportsIndirectInputEvents = YES;
				INFOPLIST_KEY_UILaunchScreen_Generation = YES;
				INFOPLIST_KEY_UISupportedInterfaceOrientations = UIInterfaceOrientationPortrait;
				LD_RUNPATH_SEARCH_PATHS = (
					"$(inherited)",
					"@executable_path/Frameworks",
				);
				MARKETING_VERSION = 1.0;
				PRODUCT_BUNDLE_IDENTIFIER = es.serranogamarra.rafael.CryptoApp;
				PRODUCT_NAME = "$(TARGET_NAME)";
				SWIFT_EMIT_LOC_STRINGS = YES;
				SWIFT_VERSION = 5.0;
				TARGETED_DEVICE_FAMILY = "1,2";
			};
			name = Debug;
		};
		AA2ED6E22C0770080021BEC0 /* Release */ = {
			isa = XCBuildConfiguration;
			buildSettings = {
				ASSETCATALOG_COMPILER_APPICON_NAME = AppIcon;
				ASSETCATALOG_COMPILER_GLOBAL_ACCENT_COLOR_NAME = AccentColor;
				CODE_SIGN_STYLE = Automatic;
				CURRENT_PROJECT_VERSION = 1;
				DEVELOPMENT_ASSET_PATHS = "\"CryptoApp/Preview Content\"";
				DEVELOPMENT_TEAM = FMHB2W3446;
				ENABLE_PREVIEWS = YES;
				GENERATE_INFOPLIST_FILE = YES;
				INFOPLIST_KEY_CFBundleDisplayName = CryptoApp;
				INFOPLIST_KEY_UIApplicationSceneManifest_Generation = YES;
				INFOPLIST_KEY_UIApplicationSupportsIndirectInputEvents = YES;
				INFOPLIST_KEY_UILaunchScreen_Generation = YES;
				INFOPLIST_KEY_UISupportedInterfaceOrientations = UIInterfaceOrientationPortrait;
				LD_RUNPATH_SEARCH_PATHS = (
					"$(inherited)",
					"@executable_path/Frameworks",
				);
				MARKETING_VERSION = 1.0;
				PRODUCT_BUNDLE_IDENTIFIER = es.serranogamarra.rafael.CryptoApp;
				PRODUCT_NAME = "$(TARGET_NAME)";
				SWIFT_EMIT_LOC_STRINGS = YES;
				SWIFT_VERSION = 5.0;
				TARGETED_DEVICE_FAMILY = "1,2";
			};
			name = Release;
		};
/* End XCBuildConfiguration section */

/* Begin XCConfigurationList section */
		AA2ED6CD2C0770070021BEC0 /* Build configuration list for PBXProject "CryptoApp" */ = {
			isa = XCConfigurationList;
			buildConfigurations = (
				AA2ED6DE2C0770080021BEC0 /* Debug */,
				AA2ED6DF2C0770080021BEC0 /* Release */,
			);
			defaultConfigurationIsVisible = 0;
			defaultConfigurationName = Release;
		};
		AA2ED6E02C0770080021BEC0 /* Build configuration list for PBXNativeTarget "CryptoApp" */ = {
			isa = XCConfigurationList;
			buildConfigurations = (
				AA2ED6E12C0770080021BEC0 /* Debug */,
				AA2ED6E22C0770080021BEC0 /* Release */,
			);
			defaultConfigurationIsVisible = 0;
			defaultConfigurationName = Release;
		};
/* End XCConfigurationList section */

/* Begin XCRemoteSwiftPackageReference section */
		AA2ED6FC2C0789CD0021BEC0 /* XCRemoteSwiftPackageReference "RSGNetworkingPackage" */ = {
			isa = XCRemoteSwiftPackageReference;
			repositoryURL = "https://github.com/RafaSG13/RSGNetworkingPackage.git";
			requirement = {
				branch = main;
				kind = branch;
			};
		};
/* End XCRemoteSwiftPackageReference section */

/* Begin XCSwiftPackageProductDependency section */
		AA2ED6FD2C0789CD0021BEC0 /* NetworkingModule */ = {
			isa = XCSwiftPackageProductDependency;
			package = AA2ED6FC2C0789CD0021BEC0 /* XCRemoteSwiftPackageReference "RSGNetworkingPackage" */;
			productName = NetworkingModule;
		};
/* End XCSwiftPackageProductDependency section */
	};
	rootObject = AA2ED6CA2C0770070021BEC0 /* Project object */;
}
