// !$*UTF8*$!
{
	archiveVersion = 1;
	classes = {
	};
	objectVersion = 56;
	objects = {

/* Begin PBXBuildFile section */
		AA20B2BA2C0FA5ED0082EF3F /* HepticManager.swift in Sources */ = {isa = PBXBuildFile; fileRef = AA20B2B92C0FA5ED0082EF3F /* HepticManager.swift */; };
		AA20B2C02C0FAEE20082EF3F /* CoinDetailView.swift in Sources */ = {isa = PBXBuildFile; fileRef = AA20B2BF2C0FAEE20082EF3F /* CoinDetailView.swift */; };
		AA2ED6D62C0770070021BEC0 /* CryptoAppApp.swift in Sources */ = {isa = PBXBuildFile; fileRef = AA2ED6D52C0770070021BEC0 /* CryptoAppApp.swift */; };
		AA2ED6D82C0770070021BEC0 /* ContentView.swift in Sources */ = {isa = PBXBuildFile; fileRef = AA2ED6D72C0770070021BEC0 /* ContentView.swift */; };
		AA2ED6DD2C0770080021BEC0 /* Preview Assets.xcassets in Resources */ = {isa = PBXBuildFile; fileRef = AA2ED6DC2C0770080021BEC0 /* Preview Assets.xcassets */; };
		AA2ED6E42C0770B90021BEC0 /* Assets.xcassets in Resources */ = {isa = PBXBuildFile; fileRef = AA2ED6E32C0770B80021BEC0 /* Assets.xcassets */; };
		AA2ED6E72C0772070021BEC0 /* Color.swift in Sources */ = {isa = PBXBuildFile; fileRef = AA2ED6E62C0772070021BEC0 /* Color.swift */; };
		AA2ED6ED2C0775060021BEC0 /* HomeView.swift in Sources */ = {isa = PBXBuildFile; fileRef = AA2ED6EC2C0775060021BEC0 /* HomeView.swift */; };
		AA2ED6F12C0775B10021BEC0 /* CircleButtonView.swift in Sources */ = {isa = PBXBuildFile; fileRef = AA2ED6F02C0775B10021BEC0 /* CircleButtonView.swift */; };
		AA2ED6F32C0779EE0021BEC0 /* CircleButtonAnimationView.swift in Sources */ = {isa = PBXBuildFile; fileRef = AA2ED6F22C0779EE0021BEC0 /* CircleButtonAnimationView.swift */; };
		AA2ED6F52C077DD20021BEC0 /* View+NoAnimation.swift in Sources */ = {isa = PBXBuildFile; fileRef = AA2ED6F42C077DD20021BEC0 /* View+NoAnimation.swift */; };
		AA2ED6F82C0781030021BEC0 /* Coin.swift in Sources */ = {isa = PBXBuildFile; fileRef = AA2ED6F72C0781030021BEC0 /* Coin.swift */; };
		AA2ED6FB2C0787070021BEC0 /* CoinListingRequest.swift in Sources */ = {isa = PBXBuildFile; fileRef = AA2ED6FA2C0787070021BEC0 /* CoinListingRequest.swift */; };
		AA3EB79C2C0A1641000C1788 /* Cache.swift in Sources */ = {isa = PBXBuildFile; fileRef = AA3EB79B2C0A1641000C1788 /* Cache.swift */; };
		AA3EB79F2C0A2240000C1788 /* SearchBarView.swift in Sources */ = {isa = PBXBuildFile; fileRef = AA3EB79E2C0A2240000C1788 /* SearchBarView.swift */; };
		AA3EB7A12C0A26AD000C1788 /* UIApplication+Keyboard.swift in Sources */ = {isa = PBXBuildFile; fileRef = AA3EB7A02C0A26AD000C1788 /* UIApplication+Keyboard.swift */; };
		AA3EB7A32C0A4B95000C1788 /* Statistic.swift in Sources */ = {isa = PBXBuildFile; fileRef = AA3EB7A22C0A4B95000C1788 /* Statistic.swift */; };
		AA3EB7A52C0A4CC7000C1788 /* StatisticView.swift in Sources */ = {isa = PBXBuildFile; fileRef = AA3EB7A42C0A4CC7000C1788 /* StatisticView.swift */; };
		AA3EB7A72C0A4D05000C1788 /* StatisticPreviewMock.swift in Sources */ = {isa = PBXBuildFile; fileRef = AA3EB7A62C0A4D05000C1788 /* StatisticPreviewMock.swift */; };
		AA3EB7AA2C0A5127000C1788 /* StatisticHeaderView.swift in Sources */ = {isa = PBXBuildFile; fileRef = AA3EB7A92C0A5127000C1788 /* StatisticHeaderView.swift */; };
		AA3EB7B02C0B629C000C1788 /* NetworkingModule in Frameworks */ = {isa = PBXBuildFile; productRef = AA3EB7AF2C0B629C000C1788 /* NetworkingModule */; };
		AA452D112C0F57110040AF90 /* PortfolioContainer.xcdatamodeld in Sources */ = {isa = PBXBuildFile; fileRef = AA452D0F2C0F57110040AF90 /* PortfolioContainer.xcdatamodeld */; };
		AA452D132C0F57A90040AF90 /* PortfolioDataService.swift in Sources */ = {isa = PBXBuildFile; fileRef = AA452D122C0F57A90040AF90 /* PortfolioDataService.swift */; };
		AA55D1AB2C08D01B009C2BB5 /* CircularImageView.swift in Sources */ = {isa = PBXBuildFile; fileRef = AA55D1AA2C08D01B009C2BB5 /* CircularImageView.swift */; };
		AA55D1B32C08D2EB009C2BB5 /* CoinMetadataRequest.swift in Sources */ = {isa = PBXBuildFile; fileRef = AA55D1B22C08D2EB009C2BB5 /* CoinMetadataRequest.swift */; };
		AA55D1B52C08D716009C2BB5 /* CoinMetadataResponse.swift in Sources */ = {isa = PBXBuildFile; fileRef = AA55D1B42C08D716009C2BB5 /* CoinMetadataResponse.swift */; };
		AA55D1B72C09D8C2009C2BB5 /* MetadataPreviewMock.swift in Sources */ = {isa = PBXBuildFile; fileRef = AA55D1B62C09D8C2009C2BB5 /* MetadataPreviewMock.swift */; };
		AA5736542C0A0FC9006BBB4E /* Diagramas.mdj in Resources */ = {isa = PBXBuildFile; fileRef = AA5736532C0A0FC9006BBB4E /* Diagramas.mdj */; };
		AA5F79B52C1B0621004D7883 /* CryptoRepository.swift in Sources */ = {isa = PBXBuildFile; fileRef = AA5F79B42C1B0621004D7883 /* CryptoRepository.swift */; };
		AA5F79B72C1B1650004D7883 /* PortfolioDataSourceMock.swift in Sources */ = {isa = PBXBuildFile; fileRef = AA5F79B62C1B1650004D7883 /* PortfolioDataSourceMock.swift */; };
		AA7190952C0B694E00CB3032 /* MarketData.swift in Sources */ = {isa = PBXBuildFile; fileRef = AA7190942C0B694E00CB3032 /* MarketData.swift */; };
		AA7190982C0B6ACB00CB3032 /* MarketInfoResponse.swift in Sources */ = {isa = PBXBuildFile; fileRef = AA7190972C0B6ACB00CB3032 /* MarketInfoResponse.swift */; };
		AA71909A2C0B6DF800CB3032 /* CoinMetadata.swift in Sources */ = {isa = PBXBuildFile; fileRef = AA7190992C0B6DF800CB3032 /* CoinMetadata.swift */; };
		AA71909C2C0B6EA800CB3032 /* MarketInfoRequest.swift in Sources */ = {isa = PBXBuildFile; fileRef = AA71909B2C0B6EA800CB3032 /* MarketInfoRequest.swift */; };
		AA71909E2C0B702900CB3032 /* MarketDataSource.swift in Sources */ = {isa = PBXBuildFile; fileRef = AA71909D2C0B702900CB3032 /* MarketDataSource.swift */; };
		AA7190A62C0B8D1E00CB3032 /* LogoLaunch.storyboard in Resources */ = {isa = PBXBuildFile; fileRef = AA7190A52C0B8D1E00CB3032 /* LogoLaunch.storyboard */; };
		AA7190A82C0B946B00CB3032 /* LaunchView.swift in Sources */ = {isa = PBXBuildFile; fileRef = AA7190A72C0B946B00CB3032 /* LaunchView.swift */; };
		AA7190AA2C0B9FF300CB3032 /* PortfolioView.swift in Sources */ = {isa = PBXBuildFile; fileRef = AA7190A92C0B9FF300CB3032 /* PortfolioView.swift */; };
		AA7190AC2C0BA20700CB3032 /* XmarkButton.swift in Sources */ = {isa = PBXBuildFile; fileRef = AA7190AB2C0BA20700CB3032 /* XmarkButton.swift */; };
		AAB976F62C15D88C00604B95 /* CoinDetailViewModel.swift in Sources */ = {isa = PBXBuildFile; fileRef = AAB976F52C15D88C00604B95 /* CoinDetailViewModel.swift */; };
		AAD339862C078F4500E6A75D /* PrivateConfig.swift in Sources */ = {isa = PBXBuildFile; fileRef = AAD339842C078F4500E6A75D /* PrivateConfig.swift */; };
		AAD339882C07909900E6A75D /* Quote.swift in Sources */ = {isa = PBXBuildFile; fileRef = AAD339872C07909900E6A75D /* Quote.swift */; };
		AAD3398B2C08698800E6A75D /* CoinRowView.swift in Sources */ = {isa = PBXBuildFile; fileRef = AAD3398A2C08698800E6A75D /* CoinRowView.swift */; };
		AAD3398D2C0869EA00E6A75D /* CoinPreviewMock.swift in Sources */ = {isa = PBXBuildFile; fileRef = AAD3398C2C0869EA00E6A75D /* CoinPreviewMock.swift */; };
		AAD3398F2C086EF400E6A75D /* Double+String.swift in Sources */ = {isa = PBXBuildFile; fileRef = AAD3398E2C086EF400E6A75D /* Double+String.swift */; };
		AAD339912C087B0200E6A75D /* HomeViewModel.swift in Sources */ = {isa = PBXBuildFile; fileRef = AAD339902C087B0200E6A75D /* HomeViewModel.swift */; };
		AAD339942C08806600E6A75D /* CoinDataSource.swift in Sources */ = {isa = PBXBuildFile; fileRef = AAD339932C08806600E6A75D /* CoinDataSource.swift */; };
		AAD339962C088E3800E6A75D /* CoinListingResponse.swift in Sources */ = {isa = PBXBuildFile; fileRef = AAD339952C088E3800E6A75D /* CoinListingResponse.swift */; };
		AAD339982C08953700E6A75D /* JSONFILE.swift in Sources */ = {isa = PBXBuildFile; fileRef = AAD339972C08953700E6A75D /* JSONFILE.swift */; };
		AAF400462C1A112700179FC9 /* CoinDataSourceMock.swift in Sources */ = {isa = PBXBuildFile; fileRef = AAF400452C1A112700179FC9 /* CoinDataSourceMock.swift */; };
		AAF400482C1A151500179FC9 /* MarketDataSourceMock.swift in Sources */ = {isa = PBXBuildFile; fileRef = AAF400472C1A151500179FC9 /* MarketDataSourceMock.swift */; };
		AAF4004A2C1A160C00179FC9 /* MarketDataPreviewMock.swift in Sources */ = {isa = PBXBuildFile; fileRef = AAF400492C1A160C00179FC9 /* MarketDataPreviewMock.swift */; };
/* End PBXBuildFile section */

/* Begin PBXFileReference section */
		AA20B2B92C0FA5ED0082EF3F /* HepticManager.swift */ = {isa = PBXFileReference; lastKnownFileType = sourcecode.swift; path = HepticManager.swift; sourceTree = "<group>"; };
		AA20B2BF2C0FAEE20082EF3F /* CoinDetailView.swift */ = {isa = PBXFileReference; lastKnownFileType = sourcecode.swift; path = CoinDetailView.swift; sourceTree = "<group>"; };
		AA2ED6D22C0770070021BEC0 /* CryptoApp.app */ = {isa = PBXFileReference; explicitFileType = wrapper.application; includeInIndex = 0; path = CryptoApp.app; sourceTree = BUILT_PRODUCTS_DIR; };
		AA2ED6D52C0770070021BEC0 /* CryptoAppApp.swift */ = {isa = PBXFileReference; lastKnownFileType = sourcecode.swift; path = CryptoAppApp.swift; sourceTree = "<group>"; };
		AA2ED6D72C0770070021BEC0 /* ContentView.swift */ = {isa = PBXFileReference; lastKnownFileType = sourcecode.swift; path = ContentView.swift; sourceTree = "<group>"; };
		AA2ED6DC2C0770080021BEC0 /* Preview Assets.xcassets */ = {isa = PBXFileReference; lastKnownFileType = folder.assetcatalog; path = "Preview Assets.xcassets"; sourceTree = "<group>"; };
		AA2ED6E32C0770B80021BEC0 /* Assets.xcassets */ = {isa = PBXFileReference; lastKnownFileType = folder.assetcatalog; path = Assets.xcassets; sourceTree = "<group>"; };
		AA2ED6E62C0772070021BEC0 /* Color.swift */ = {isa = PBXFileReference; lastKnownFileType = sourcecode.swift; path = Color.swift; sourceTree = "<group>"; };
		AA2ED6EC2C0775060021BEC0 /* HomeView.swift */ = {isa = PBXFileReference; lastKnownFileType = sourcecode.swift; path = HomeView.swift; sourceTree = "<group>"; };
		AA2ED6F02C0775B10021BEC0 /* CircleButtonView.swift */ = {isa = PBXFileReference; lastKnownFileType = sourcecode.swift; path = CircleButtonView.swift; sourceTree = "<group>"; };
		AA2ED6F22C0779EE0021BEC0 /* CircleButtonAnimationView.swift */ = {isa = PBXFileReference; lastKnownFileType = sourcecode.swift; path = CircleButtonAnimationView.swift; sourceTree = "<group>"; };
		AA2ED6F42C077DD20021BEC0 /* View+NoAnimation.swift */ = {isa = PBXFileReference; lastKnownFileType = sourcecode.swift; path = "View+NoAnimation.swift"; sourceTree = "<group>"; };
		AA2ED6F72C0781030021BEC0 /* Coin.swift */ = {isa = PBXFileReference; lastKnownFileType = sourcecode.swift; path = Coin.swift; sourceTree = "<group>"; };
		AA2ED6FA2C0787070021BEC0 /* CoinListingRequest.swift */ = {isa = PBXFileReference; lastKnownFileType = sourcecode.swift; path = CoinListingRequest.swift; sourceTree = "<group>"; };
		AA3EB79B2C0A1641000C1788 /* Cache.swift */ = {isa = PBXFileReference; lastKnownFileType = sourcecode.swift; path = Cache.swift; sourceTree = "<group>"; };
		AA3EB79E2C0A2240000C1788 /* SearchBarView.swift */ = {isa = PBXFileReference; lastKnownFileType = sourcecode.swift; path = SearchBarView.swift; sourceTree = "<group>"; };
		AA3EB7A02C0A26AD000C1788 /* UIApplication+Keyboard.swift */ = {isa = PBXFileReference; lastKnownFileType = sourcecode.swift; path = "UIApplication+Keyboard.swift"; sourceTree = "<group>"; };
		AA3EB7A22C0A4B95000C1788 /* Statistic.swift */ = {isa = PBXFileReference; lastKnownFileType = sourcecode.swift; path = Statistic.swift; sourceTree = "<group>"; };
		AA3EB7A42C0A4CC7000C1788 /* StatisticView.swift */ = {isa = PBXFileReference; lastKnownFileType = sourcecode.swift; path = StatisticView.swift; sourceTree = "<group>"; };
		AA3EB7A62C0A4D05000C1788 /* StatisticPreviewMock.swift */ = {isa = PBXFileReference; lastKnownFileType = sourcecode.swift; path = StatisticPreviewMock.swift; sourceTree = "<group>"; };
		AA3EB7A92C0A5127000C1788 /* StatisticHeaderView.swift */ = {isa = PBXFileReference; lastKnownFileType = sourcecode.swift; path = StatisticHeaderView.swift; sourceTree = "<group>"; };
		AA452D102C0F57110040AF90 /* PortfolioContainer.xcdatamodel */ = {isa = PBXFileReference; lastKnownFileType = wrapper.xcdatamodel; path = PortfolioContainer.xcdatamodel; sourceTree = "<group>"; };
		AA452D122C0F57A90040AF90 /* PortfolioDataService.swift */ = {isa = PBXFileReference; lastKnownFileType = sourcecode.swift; path = PortfolioDataService.swift; sourceTree = "<group>"; };
		AA55D1AA2C08D01B009C2BB5 /* CircularImageView.swift */ = {isa = PBXFileReference; lastKnownFileType = sourcecode.swift; path = CircularImageView.swift; sourceTree = "<group>"; };
		AA55D1B22C08D2EB009C2BB5 /* CoinMetadataRequest.swift */ = {isa = PBXFileReference; lastKnownFileType = sourcecode.swift; path = CoinMetadataRequest.swift; sourceTree = "<group>"; };
		AA55D1B42C08D716009C2BB5 /* CoinMetadataResponse.swift */ = {isa = PBXFileReference; lastKnownFileType = sourcecode.swift; path = CoinMetadataResponse.swift; sourceTree = "<group>"; };
		AA55D1B62C09D8C2009C2BB5 /* MetadataPreviewMock.swift */ = {isa = PBXFileReference; lastKnownFileType = sourcecode.swift; path = MetadataPreviewMock.swift; sourceTree = "<group>"; };
		AA5736532C0A0FC9006BBB4E /* Diagramas.mdj */ = {isa = PBXFileReference; fileEncoding = 4; lastKnownFileType = text; path = Diagramas.mdj; sourceTree = "<group>"; };
		AA5F79B42C1B0621004D7883 /* CryptoRepository.swift */ = {isa = PBXFileReference; lastKnownFileType = sourcecode.swift; path = CryptoRepository.swift; sourceTree = "<group>"; };
		AA5F79B62C1B1650004D7883 /* PortfolioDataSourceMock.swift */ = {isa = PBXFileReference; lastKnownFileType = sourcecode.swift; path = PortfolioDataSourceMock.swift; sourceTree = "<group>"; };
		AA7190942C0B694E00CB3032 /* MarketData.swift */ = {isa = PBXFileReference; lastKnownFileType = sourcecode.swift; path = MarketData.swift; sourceTree = "<group>"; };
		AA7190972C0B6ACB00CB3032 /* MarketInfoResponse.swift */ = {isa = PBXFileReference; lastKnownFileType = sourcecode.swift; path = MarketInfoResponse.swift; sourceTree = "<group>"; };
		AA7190992C0B6DF800CB3032 /* CoinMetadata.swift */ = {isa = PBXFileReference; lastKnownFileType = sourcecode.swift; path = CoinMetadata.swift; sourceTree = "<group>"; };
		AA71909B2C0B6EA800CB3032 /* MarketInfoRequest.swift */ = {isa = PBXFileReference; lastKnownFileType = sourcecode.swift; path = MarketInfoRequest.swift; sourceTree = "<group>"; };
		AA71909D2C0B702900CB3032 /* MarketDataSource.swift */ = {isa = PBXFileReference; lastKnownFileType = sourcecode.swift; path = MarketDataSource.swift; sourceTree = "<group>"; };
		AA7190A12C0B8C4500CB3032 /* Info.plist */ = {isa = PBXFileReference; lastKnownFileType = text.plist; path = Info.plist; sourceTree = "<group>"; };
		AA7190A52C0B8D1E00CB3032 /* LogoLaunch.storyboard */ = {isa = PBXFileReference; lastKnownFileType = file.storyboard; path = LogoLaunch.storyboard; sourceTree = "<group>"; };
		AA7190A72C0B946B00CB3032 /* LaunchView.swift */ = {isa = PBXFileReference; lastKnownFileType = sourcecode.swift; path = LaunchView.swift; sourceTree = "<group>"; };
		AA7190A92C0B9FF300CB3032 /* PortfolioView.swift */ = {isa = PBXFileReference; lastKnownFileType = sourcecode.swift; path = PortfolioView.swift; sourceTree = "<group>"; };
		AA7190AB2C0BA20700CB3032 /* XmarkButton.swift */ = {isa = PBXFileReference; lastKnownFileType = sourcecode.swift; path = XmarkButton.swift; sourceTree = "<group>"; };
		AAB976F52C15D88C00604B95 /* CoinDetailViewModel.swift */ = {isa = PBXFileReference; lastKnownFileType = sourcecode.swift; path = CoinDetailViewModel.swift; sourceTree = "<group>"; };
		AAD339842C078F4500E6A75D /* PrivateConfig.swift */ = {isa = PBXFileReference; fileEncoding = 4; lastKnownFileType = sourcecode.swift; path = PrivateConfig.swift; sourceTree = "<group>"; };
		AAD339872C07909900E6A75D /* Quote.swift */ = {isa = PBXFileReference; lastKnownFileType = sourcecode.swift; path = Quote.swift; sourceTree = "<group>"; };
		AAD3398A2C08698800E6A75D /* CoinRowView.swift */ = {isa = PBXFileReference; lastKnownFileType = sourcecode.swift; path = CoinRowView.swift; sourceTree = "<group>"; };
		AAD3398C2C0869EA00E6A75D /* CoinPreviewMock.swift */ = {isa = PBXFileReference; lastKnownFileType = sourcecode.swift; path = CoinPreviewMock.swift; sourceTree = "<group>"; };
		AAD3398E2C086EF400E6A75D /* Double+String.swift */ = {isa = PBXFileReference; lastKnownFileType = sourcecode.swift; path = "Double+String.swift"; sourceTree = "<group>"; };
		AAD339902C087B0200E6A75D /* HomeViewModel.swift */ = {isa = PBXFileReference; lastKnownFileType = sourcecode.swift; path = HomeViewModel.swift; sourceTree = "<group>"; };
		AAD339932C08806600E6A75D /* CoinDataSource.swift */ = {isa = PBXFileReference; lastKnownFileType = sourcecode.swift; path = CoinDataSource.swift; sourceTree = "<group>"; };
		AAD339952C088E3800E6A75D /* CoinListingResponse.swift */ = {isa = PBXFileReference; lastKnownFileType = sourcecode.swift; path = CoinListingResponse.swift; sourceTree = "<group>"; };
		AAD339972C08953700E6A75D /* JSONFILE.swift */ = {isa = PBXFileReference; lastKnownFileType = sourcecode.swift; path = JSONFILE.swift; sourceTree = "<group>"; };
		AAF400452C1A112700179FC9 /* CoinDataSourceMock.swift */ = {isa = PBXFileReference; lastKnownFileType = sourcecode.swift; path = CoinDataSourceMock.swift; sourceTree = "<group>"; };
		AAF400472C1A151500179FC9 /* MarketDataSourceMock.swift */ = {isa = PBXFileReference; lastKnownFileType = sourcecode.swift; path = MarketDataSourceMock.swift; sourceTree = "<group>"; };
		AAF400492C1A160C00179FC9 /* MarketDataPreviewMock.swift */ = {isa = PBXFileReference; lastKnownFileType = sourcecode.swift; path = MarketDataPreviewMock.swift; sourceTree = "<group>"; };
/* End PBXFileReference section */

/* Begin PBXFrameworksBuildPhase section */
		AA2ED6CF2C0770070021BEC0 /* Frameworks */ = {
			isa = PBXFrameworksBuildPhase;
			buildActionMask = 2147483647;
			files = (
				AA3EB7B02C0B629C000C1788 /* NetworkingModule in Frameworks */,
			);
			runOnlyForDeploymentPostprocessing = 0;
		};
/* End PBXFrameworksBuildPhase section */

/* Begin PBXGroup section */
		AA20B2BB2C0FAEAC0082EF3F /* CoinDetail */ = {
			isa = PBXGroup;
			children = (
				AA20B2BD2C0FAEBC0082EF3F /* Views */,
				AA20B2BC2C0FAEB60082EF3F /* ViewModels */,
			);
			path = CoinDetail;
			sourceTree = "<group>";
		};
		AA20B2BC2C0FAEB60082EF3F /* ViewModels */ = {
			isa = PBXGroup;
			children = (
				AAB976F52C15D88C00604B95 /* CoinDetailViewModel.swift */,
			);
			path = ViewModels;
			sourceTree = "<group>";
		};
		AA20B2BD2C0FAEBC0082EF3F /* Views */ = {
			isa = PBXGroup;
			children = (
				AA20B2BF2C0FAEE20082EF3F /* CoinDetailView.swift */,
			);
			path = Views;
			sourceTree = "<group>";
		};
		AA20B2BE2C0FAEC70082EF3F /* Home */ = {
			isa = PBXGroup;
			children = (
				AA3EB7A92C0A5127000C1788 /* StatisticHeaderView.swift */,
				AA2ED6EC2C0775060021BEC0 /* HomeView.swift */,
				AAD3398A2C08698800E6A75D /* CoinRowView.swift */,
			);
			path = Home;
			sourceTree = "<group>";
		};
		AA2ED6C92C0770070021BEC0 = {
			isa = PBXGroup;
			children = (
				AA2ED6D42C0770070021BEC0 /* CryptoApp */,
				AA2ED6D32C0770070021BEC0 /* Products */,
				AA3EB7AE2C0B629C000C1788 /* Frameworks */,
			);
			sourceTree = "<group>";
		};
		AA2ED6D32C0770070021BEC0 /* Products */ = {
			isa = PBXGroup;
			children = (
				AA2ED6D22C0770070021BEC0 /* CryptoApp.app */,
			);
			name = Products;
			sourceTree = "<group>";
		};
		AA2ED6D42C0770070021BEC0 /* CryptoApp */ = {
			isa = PBXGroup;
			children = (
				AA7190A12C0B8C4500CB3032 /* Info.plist */,
				AAD339922C08805800E6A75D /* Services */,
				AA5736552C0A0FF2006BBB4E /* MainApp */,
				AA2ED6E82C0774DA0021BEC0 /* Core */,
				AA2ED6E52C0771FC0021BEC0 /* Extensions */,
				AA2ED6F62C0780F60021BEC0 /* Models */,
				AA2ED6F92C0786EF0021BEC0 /* Networking */,
				AA2ED6DB2C0770080021BEC0 /* Mocks */,
				AAD339852C078F4500E6A75D /* Private */,
			);
			path = CryptoApp;
			sourceTree = "<group>";
		};
		AA2ED6DB2C0770080021BEC0 /* Mocks */ = {
			isa = PBXGroup;
			children = (
				AA2ED6DC2C0770080021BEC0 /* Preview Assets.xcassets */,
				AAD3398C2C0869EA00E6A75D /* CoinPreviewMock.swift */,
				AA55D1B62C09D8C2009C2BB5 /* MetadataPreviewMock.swift */,
				AA3EB7A62C0A4D05000C1788 /* StatisticPreviewMock.swift */,
				AAF400452C1A112700179FC9 /* CoinDataSourceMock.swift */,
				AAF400472C1A151500179FC9 /* MarketDataSourceMock.swift */,
				AAF400492C1A160C00179FC9 /* MarketDataPreviewMock.swift */,
				AA5F79B62C1B1650004D7883 /* PortfolioDataSourceMock.swift */,
			);
			path = Mocks;
			sourceTree = "<group>";
		};
		AA2ED6E52C0771FC0021BEC0 /* Extensions */ = {
			isa = PBXGroup;
			children = (
				AA2ED6E62C0772070021BEC0 /* Color.swift */,
				AA2ED6F42C077DD20021BEC0 /* View+NoAnimation.swift */,
				AAD3398E2C086EF400E6A75D /* Double+String.swift */,
				AA3EB7A02C0A26AD000C1788 /* UIApplication+Keyboard.swift */,
				AA20B2B92C0FA5ED0082EF3F /* HepticManager.swift */,
			);
			path = Extensions;
			sourceTree = "<group>";
		};
		AA2ED6E82C0774DA0021BEC0 /* Core */ = {
			isa = PBXGroup;
			children = (
				AA20B2BB2C0FAEAC0082EF3F /* CoinDetail */,
				AA7190A22C0B8C5900CB3032 /* Launch */,
				AA2ED6EE2C07758F0021BEC0 /* Shared */,
				AA2ED6EA2C0774ED0021BEC0 /* Home */,
			);
			path = Core;
			sourceTree = "<group>";
		};
		AA2ED6E92C0774DF0021BEC0 /* Views */ = {
			isa = PBXGroup;
			children = (
				AAF0BDA12C0DD7730041FEAD /* Portfolio */,
				AA20B2BE2C0FAEC70082EF3F /* Home */,
			);
			path = Views;
			sourceTree = "<group>";
		};
		AA2ED6EA2C0774ED0021BEC0 /* Home */ = {
			isa = PBXGroup;
			children = (
				AA2ED6EB2C0774F20021BEC0 /* ViewModels */,
				AA2ED6E92C0774DF0021BEC0 /* Views */,
			);
			path = Home;
			sourceTree = "<group>";
		};
		AA2ED6EB2C0774F20021BEC0 /* ViewModels */ = {
			isa = PBXGroup;
			children = (
				AAD339902C087B0200E6A75D /* HomeViewModel.swift */,
			);
			path = ViewModels;
			sourceTree = "<group>";
		};
		AA2ED6EE2C07758F0021BEC0 /* Shared */ = {
			isa = PBXGroup;
			children = (
				AA3EB7A82C0A5116000C1788 /* StatisticView */,
				AA3EB79D2C0A2228000C1788 /* SearchBar */,
				AAD339892C08696000E6A75D /* Rows */,
				AA2ED6EF2C0775A10021BEC0 /* CircleButton */,
				AA55D1AC2C08D026009C2BB5 /* CircularImage */,
				AA7190AB2C0BA20700CB3032 /* XmarkButton.swift */,
			);
			path = Shared;
			sourceTree = "<group>";
		};
		AA2ED6EF2C0775A10021BEC0 /* CircleButton */ = {
			isa = PBXGroup;
			children = (
				AA2ED6F02C0775B10021BEC0 /* CircleButtonView.swift */,
				AA2ED6F22C0779EE0021BEC0 /* CircleButtonAnimationView.swift */,
			);
			path = CircleButton;
			sourceTree = "<group>";
		};
		AA2ED6F62C0780F60021BEC0 /* Models */ = {
			isa = PBXGroup;
			children = (
				AA2ED6F72C0781030021BEC0 /* Coin.swift */,
				AAD339872C07909900E6A75D /* Quote.swift */,
				AA3EB7A22C0A4B95000C1788 /* Statistic.swift */,
				AA7190942C0B694E00CB3032 /* MarketData.swift */,
				AA7190992C0B6DF800CB3032 /* CoinMetadata.swift */,
				AA452D0F2C0F57110040AF90 /* PortfolioContainer.xcdatamodeld */,
			);
			path = Models;
			sourceTree = "<group>";
		};
		AA2ED6F92C0786EF0021BEC0 /* Networking */ = {
			isa = PBXGroup;
			children = (
				AA7190962C0B6AB700CB3032 /* MarketInfo */,
				AA55D1B12C08D2D2009C2BB5 /* CoinMetadata */,
				AA55D1A92C08CBC5009C2BB5 /* CoinLatestList */,
			);
			path = Networking;
			sourceTree = "<group>";
		};
		AA3EB79D2C0A2228000C1788 /* SearchBar */ = {
			isa = PBXGroup;
			children = (
				AA3EB79E2C0A2240000C1788 /* SearchBarView.swift */,
			);
			path = SearchBar;
			sourceTree = "<group>";
		};
		AA3EB7A82C0A5116000C1788 /* StatisticView */ = {
			isa = PBXGroup;
			children = (
				AA3EB7A42C0A4CC7000C1788 /* StatisticView.swift */,
			);
			path = StatisticView;
			sourceTree = "<group>";
		};
		AA3EB7AE2C0B629C000C1788 /* Frameworks */ = {
			isa = PBXGroup;
			children = (
			);
			name = Frameworks;
			sourceTree = "<group>";
		};
		AA55D1A92C08CBC5009C2BB5 /* CoinLatestList */ = {
			isa = PBXGroup;
			children = (
				AA2ED6FA2C0787070021BEC0 /* CoinListingRequest.swift */,
				AAD339952C088E3800E6A75D /* CoinListingResponse.swift */,
			);
			path = CoinLatestList;
			sourceTree = "<group>";
		};
		AA55D1AC2C08D026009C2BB5 /* CircularImage */ = {
			isa = PBXGroup;
			children = (
				AA55D1AA2C08D01B009C2BB5 /* CircularImageView.swift */,
			);
			path = CircularImage;
			sourceTree = "<group>";
		};
		AA55D1B12C08D2D2009C2BB5 /* CoinMetadata */ = {
			isa = PBXGroup;
			children = (
				AA55D1B22C08D2EB009C2BB5 /* CoinMetadataRequest.swift */,
				AA55D1B42C08D716009C2BB5 /* CoinMetadataResponse.swift */,
			);
			path = CoinMetadata;
			sourceTree = "<group>";
		};
		AA5736552C0A0FF2006BBB4E /* MainApp */ = {
			isa = PBXGroup;
			children = (
				AA2ED6E32C0770B80021BEC0 /* Assets.xcassets */,
				AA2ED6D72C0770070021BEC0 /* ContentView.swift */,
				AA2ED6D52C0770070021BEC0 /* CryptoAppApp.swift */,
			);
			path = MainApp;
			sourceTree = "<group>";
		};
		AA7190962C0B6AB700CB3032 /* MarketInfo */ = {
			isa = PBXGroup;
			children = (
				AA7190972C0B6ACB00CB3032 /* MarketInfoResponse.swift */,
				AA71909B2C0B6EA800CB3032 /* MarketInfoRequest.swift */,
			);
			path = MarketInfo;
			sourceTree = "<group>";
		};
		AA7190A22C0B8C5900CB3032 /* Launch */ = {
			isa = PBXGroup;
			children = (
				AA7190A52C0B8D1E00CB3032 /* LogoLaunch.storyboard */,
				AA7190A72C0B946B00CB3032 /* LaunchView.swift */,
			);
			path = Launch;
			sourceTree = "<group>";
		};
		AAA3A5D02C1A3DC20033F364 /* DataSources */ = {
			isa = PBXGroup;
			children = (
				AAD339932C08806600E6A75D /* CoinDataSource.swift */,
				AA71909D2C0B702900CB3032 /* MarketDataSource.swift */,
				AA452D122C0F57A90040AF90 /* PortfolioDataService.swift */,
			);
			path = DataSources;
			sourceTree = "<group>";
		};
		AAA3A5D12C1A3DCE0033F364 /* Repository */ = {
			isa = PBXGroup;
			children = (
				AA5F79B42C1B0621004D7883 /* CryptoRepository.swift */,
			);
			path = Repository;
			sourceTree = "<group>";
		};
		AAD339852C078F4500E6A75D /* Private */ = {
			isa = PBXGroup;
			children = (
				AA5736532C0A0FC9006BBB4E /* Diagramas.mdj */,
				AAD339842C078F4500E6A75D /* PrivateConfig.swift */,
				AAD339972C08953700E6A75D /* JSONFILE.swift */,
			);
			path = Private;
			sourceTree = "<group>";
		};
		AAD339892C08696000E6A75D /* Rows */ = {
			isa = PBXGroup;
			children = (
			);
			path = Rows;
			sourceTree = "<group>";
		};
		AAD339922C08805800E6A75D /* Services */ = {
			isa = PBXGroup;
			children = (
				AAA3A5D12C1A3DCE0033F364 /* Repository */,
				AAA3A5D02C1A3DC20033F364 /* DataSources */,
				AA3EB79B2C0A1641000C1788 /* Cache.swift */,
			);
			path = Services;
			sourceTree = "<group>";
		};
		AAF0BDA12C0DD7730041FEAD /* Portfolio */ = {
			isa = PBXGroup;
			children = (
				AA7190A92C0B9FF300CB3032 /* PortfolioView.swift */,
			);
			path = Portfolio;
			sourceTree = "<group>";
		};
/* End PBXGroup section */

/* Begin PBXNativeTarget section */
		AA2ED6D12C0770070021BEC0 /* CryptoApp */ = {
			isa = PBXNativeTarget;
			buildConfigurationList = AA2ED6E02C0770080021BEC0 /* Build configuration list for PBXNativeTarget "CryptoApp" */;
			buildPhases = (
				AA2ED6CE2C0770070021BEC0 /* Sources */,
				AA2ED6CF2C0770070021BEC0 /* Frameworks */,
				AA2ED6D02C0770070021BEC0 /* Resources */,
			);
			buildRules = (
			);
			dependencies = (
			);
			name = CryptoApp;
			packageProductDependencies = (
				AA3EB7AF2C0B629C000C1788 /* NetworkingModule */,
			);
			productName = CryptoApp;
			productReference = AA2ED6D22C0770070021BEC0 /* CryptoApp.app */;
			productType = "com.apple.product-type.application";
		};
/* End PBXNativeTarget section */

/* Begin PBXProject section */
		AA2ED6CA2C0770070021BEC0 /* Project object */ = {
			isa = PBXProject;
			attributes = {
				BuildIndependentTargetsInParallel = 1;
				LastSwiftUpdateCheck = 1530;
				LastUpgradeCheck = 1530;
				TargetAttributes = {
					AA2ED6D12C0770070021BEC0 = {
						CreatedOnToolsVersion = 15.3;
					};
				};
			};
			buildConfigurationList = AA2ED6CD2C0770070021BEC0 /* Build configuration list for PBXProject "CryptoApp" */;
			compatibilityVersion = "Xcode 14.0";
			developmentRegion = en;
			hasScannedForEncodings = 0;
			knownRegions = (
				en,
				Base,
			);
			mainGroup = AA2ED6C92C0770070021BEC0;
			packageReferences = (
				AA3EB7AB2C0B6272000C1788 /* XCRemoteSwiftPackageReference "RSGNetworkingPackage" */,
			);
			productRefGroup = AA2ED6D32C0770070021BEC0 /* Products */;
			projectDirPath = "";
			projectRoot = "";
			targets = (
				AA2ED6D12C0770070021BEC0 /* CryptoApp */,
			);
		};
/* End PBXProject section */

/* Begin PBXResourcesBuildPhase section */
		AA2ED6D02C0770070021BEC0 /* Resources */ = {
			isa = PBXResourcesBuildPhase;
			buildActionMask = 2147483647;
			files = (
				AA2ED6DD2C0770080021BEC0 /* Preview Assets.xcassets in Resources */,
				AA7190A62C0B8D1E00CB3032 /* LogoLaunch.storyboard in Resources */,
				AA2ED6E42C0770B90021BEC0 /* Assets.xcassets in Resources */,
				AA5736542C0A0FC9006BBB4E /* Diagramas.mdj in Resources */,
			);
			runOnlyForDeploymentPostprocessing = 0;
		};
/* End PBXResourcesBuildPhase section */

/* Begin PBXSourcesBuildPhase section */
		AA2ED6CE2C0770070021BEC0 /* Sources */ = {
			isa = PBXSourcesBuildPhase;
			buildActionMask = 2147483647;
			files = (
				AAD3398B2C08698800E6A75D /* CoinRowView.swift in Sources */,
				AA2ED6D82C0770070021BEC0 /* ContentView.swift in Sources */,
				AA2ED6FB2C0787070021BEC0 /* CoinListingRequest.swift in Sources */,
				AA20B2C02C0FAEE20082EF3F /* CoinDetailView.swift in Sources */,
				AAD339942C08806600E6A75D /* CoinDataSource.swift in Sources */,
				AA3EB79F2C0A2240000C1788 /* SearchBarView.swift in Sources */,
				AA2ED6ED2C0775060021BEC0 /* HomeView.swift in Sources */,
				AA7190AA2C0B9FF300CB3032 /* PortfolioView.swift in Sources */,
				AAD339982C08953700E6A75D /* JSONFILE.swift in Sources */,
				AA71909C2C0B6EA800CB3032 /* MarketInfoRequest.swift in Sources */,
				AA2ED6D62C0770070021BEC0 /* CryptoAppApp.swift in Sources */,
				AAD3398F2C086EF400E6A75D /* Double+String.swift in Sources */,
				AAB976F62C15D88C00604B95 /* CoinDetailViewModel.swift in Sources */,
				AA55D1B72C09D8C2009C2BB5 /* MetadataPreviewMock.swift in Sources */,
				AA7190982C0B6ACB00CB3032 /* MarketInfoResponse.swift in Sources */,
				AA2ED6F52C077DD20021BEC0 /* View+NoAnimation.swift in Sources */,
				AA2ED6F82C0781030021BEC0 /* Coin.swift in Sources */,
				AAD3398D2C0869EA00E6A75D /* CoinPreviewMock.swift in Sources */,
				AAF400482C1A151500179FC9 /* MarketDataSourceMock.swift in Sources */,
				AA2ED6F12C0775B10021BEC0 /* CircleButtonView.swift in Sources */,
				AA55D1AB2C08D01B009C2BB5 /* CircularImageView.swift in Sources */,
				AA3EB7A12C0A26AD000C1788 /* UIApplication+Keyboard.swift in Sources */,
				AA3EB7A52C0A4CC7000C1788 /* StatisticView.swift in Sources */,
				AAD339862C078F4500E6A75D /* PrivateConfig.swift in Sources */,
				AAD339962C088E3800E6A75D /* CoinListingResponse.swift in Sources */,
				AA3EB7A32C0A4B95000C1788 /* Statistic.swift in Sources */,
				AA2ED6E72C0772070021BEC0 /* Color.swift in Sources */,
				AA3EB7AA2C0A5127000C1788 /* StatisticHeaderView.swift in Sources */,
				AA7190A82C0B946B00CB3032 /* LaunchView.swift in Sources */,
				AA71909A2C0B6DF800CB3032 /* CoinMetadata.swift in Sources */,
				AA3EB7A72C0A4D05000C1788 /* StatisticPreviewMock.swift in Sources */,
				AA2ED6F32C0779EE0021BEC0 /* CircleButtonAnimationView.swift in Sources */,
				AA452D132C0F57A90040AF90 /* PortfolioDataService.swift in Sources */,
				AA55D1B32C08D2EB009C2BB5 /* CoinMetadataRequest.swift in Sources */,
				AA5F79B52C1B0621004D7883 /* CryptoRepository.swift in Sources */,
				AAF4004A2C1A160C00179FC9 /* MarketDataPreviewMock.swift in Sources */,
				AA7190AC2C0BA20700CB3032 /* XmarkButton.swift in Sources */,
				AA3EB79C2C0A1641000C1788 /* Cache.swift in Sources */,
				AA55D1B52C08D716009C2BB5 /* CoinMetadataResponse.swift in Sources */,
				AA71909E2C0B702900CB3032 /* MarketDataSource.swift in Sources */,
				AA452D112C0F57110040AF90 /* PortfolioContainer.xcdatamodeld in Sources */,
				AAD339912C087B0200E6A75D /* HomeViewModel.swift in Sources */,
				AA5F79B72C1B1650004D7883 /* PortfolioDataSourceMock.swift in Sources */,
				AAD339882C07909900E6A75D /* Quote.swift in Sources */,
				AA20B2BA2C0FA5ED0082EF3F /* HepticManager.swift in Sources */,
				AAF400462C1A112700179FC9 /* CoinDataSourceMock.swift in Sources */,
				AA7190952C0B694E00CB3032 /* MarketData.swift in Sources */,
			);
			runOnlyForDeploymentPostprocessing = 0;
		};
/* End PBXSourcesBuildPhase section */

/* Begin XCBuildConfiguration section */
		AA2ED6DE2C0770080021BEC0 /* Debug */ = {
			isa = XCBuildConfiguration;
			buildSettings = {
				ALWAYS_SEARCH_USER_PATHS = NO;
				ASSETCATALOG_COMPILER_GENERATE_SWIFT_ASSET_SYMBOL_EXTENSIONS = YES;
				CLANG_ANALYZER_NONNULL = YES;
				CLANG_ANALYZER_NUMBER_OBJECT_CONVERSION = YES_AGGRESSIVE;
				CLANG_CXX_LANGUAGE_STANDARD = "gnu++20";
				CLANG_ENABLE_MODULES = YES;
				CLANG_ENABLE_OBJC_ARC = YES;
				CLANG_ENABLE_OBJC_WEAK = YES;
				CLANG_WARN_BLOCK_CAPTURE_AUTORELEASING = YES;
				CLANG_WARN_BOOL_CONVERSION = YES;
				CLANG_WARN_COMMA = YES;
				CLANG_WARN_CONSTANT_CONVERSION = YES;
				CLANG_WARN_DEPRECATED_OBJC_IMPLEMENTATIONS = YES;
				CLANG_WARN_DIRECT_OBJC_ISA_USAGE = YES_ERROR;
				CLANG_WARN_DOCUMENTATION_COMMENTS = YES;
				CLANG_WARN_EMPTY_BODY = YES;
				CLANG_WARN_ENUM_CONVERSION = YES;
				CLANG_WARN_INFINITE_RECURSION = YES;
				CLANG_WARN_INT_CONVERSION = YES;
				CLANG_WARN_NON_LITERAL_NULL_CONVERSION = YES;
				CLANG_WARN_OBJC_IMPLICIT_RETAIN_SELF = YES;
				CLANG_WARN_OBJC_LITERAL_CONVERSION = YES;
				CLANG_WARN_OBJC_ROOT_CLASS = YES_ERROR;
				CLANG_WARN_QUOTED_INCLUDE_IN_FRAMEWORK_HEADER = YES;
				CLANG_WARN_RANGE_LOOP_ANALYSIS = YES;
				CLANG_WARN_STRICT_PROTOTYPES = YES;
				CLANG_WARN_SUSPICIOUS_MOVE = YES;
				CLANG_WARN_UNGUARDED_AVAILABILITY = YES_AGGRESSIVE;
				CLANG_WARN_UNREACHABLE_CODE = YES;
				CLANG_WARN__DUPLICATE_METHOD_MATCH = YES;
				COPY_PHASE_STRIP = NO;
				DEBUG_INFORMATION_FORMAT = dwarf;
				ENABLE_STRICT_OBJC_MSGSEND = YES;
				ENABLE_TESTABILITY = YES;
				ENABLE_USER_SCRIPT_SANDBOXING = YES;
				GCC_C_LANGUAGE_STANDARD = gnu17;
				GCC_DYNAMIC_NO_PIC = NO;
				GCC_NO_COMMON_BLOCKS = YES;
				GCC_OPTIMIZATION_LEVEL = 0;
				GCC_PREPROCESSOR_DEFINITIONS = (
					"DEBUG=1",
					"$(inherited)",
				);
				GCC_WARN_64_TO_32_BIT_CONVERSION = YES;
				GCC_WARN_ABOUT_RETURN_TYPE = YES_ERROR;
				GCC_WARN_UNDECLARED_SELECTOR = YES;
				GCC_WARN_UNINITIALIZED_AUTOS = YES_AGGRESSIVE;
				GCC_WARN_UNUSED_FUNCTION = YES;
				GCC_WARN_UNUSED_VARIABLE = YES;
				IPHONEOS_DEPLOYMENT_TARGET = 17.4;
				LOCALIZATION_PREFERS_STRING_CATALOGS = YES;
				MTL_ENABLE_DEBUG_INFO = INCLUDE_SOURCE;
				MTL_FAST_MATH = YES;
				ONLY_ACTIVE_ARCH = YES;
				SDKROOT = iphoneos;
				SWIFT_ACTIVE_COMPILATION_CONDITIONS = "DEBUG $(inherited)";
				SWIFT_OPTIMIZATION_LEVEL = "-Onone";
			};
			name = Debug;
		};
		AA2ED6DF2C0770080021BEC0 /* Release */ = {
			isa = XCBuildConfiguration;
			buildSettings = {
				ALWAYS_SEARCH_USER_PATHS = NO;
				ASSETCATALOG_COMPILER_GENERATE_SWIFT_ASSET_SYMBOL_EXTENSIONS = YES;
				CLANG_ANALYZER_NONNULL = YES;
				CLANG_ANALYZER_NUMBER_OBJECT_CONVERSION = YES_AGGRESSIVE;
				CLANG_CXX_LANGUAGE_STANDARD = "gnu++20";
				CLANG_ENABLE_MODULES = YES;
				CLANG_ENABLE_OBJC_ARC = YES;
				CLANG_ENABLE_OBJC_WEAK = YES;
				CLANG_WARN_BLOCK_CAPTURE_AUTORELEASING = YES;
				CLANG_WARN_BOOL_CONVERSION = YES;
				CLANG_WARN_COMMA = YES;
				CLANG_WARN_CONSTANT_CONVERSION = YES;
				CLANG_WARN_DEPRECATED_OBJC_IMPLEMENTATIONS = YES;
				CLANG_WARN_DIRECT_OBJC_ISA_USAGE = YES_ERROR;
				CLANG_WARN_DOCUMENTATION_COMMENTS = YES;
				CLANG_WARN_EMPTY_BODY = YES;
				CLANG_WARN_ENUM_CONVERSION = YES;
				CLANG_WARN_INFINITE_RECURSION = YES;
				CLANG_WARN_INT_CONVERSION = YES;
				CLANG_WARN_NON_LITERAL_NULL_CONVERSION = YES;
				CLANG_WARN_OBJC_IMPLICIT_RETAIN_SELF = YES;
				CLANG_WARN_OBJC_LITERAL_CONVERSION = YES;
				CLANG_WARN_OBJC_ROOT_CLASS = YES_ERROR;
				CLANG_WARN_QUOTED_INCLUDE_IN_FRAMEWORK_HEADER = YES;
				CLANG_WARN_RANGE_LOOP_ANALYSIS = YES;
				CLANG_WARN_STRICT_PROTOTYPES = YES;
				CLANG_WARN_SUSPICIOUS_MOVE = YES;
				CLANG_WARN_UNGUARDED_AVAILABILITY = YES_AGGRESSIVE;
				CLANG_WARN_UNREACHABLE_CODE = YES;
				CLANG_WARN__DUPLICATE_METHOD_MATCH = YES;
				COPY_PHASE_STRIP = NO;
				DEBUG_INFORMATION_FORMAT = "dwarf-with-dsym";
				ENABLE_NS_ASSERTIONS = NO;
				ENABLE_STRICT_OBJC_MSGSEND = YES;
				ENABLE_USER_SCRIPT_SANDBOXING = YES;
				GCC_C_LANGUAGE_STANDARD = gnu17;
				GCC_NO_COMMON_BLOCKS = YES;
				GCC_WARN_64_TO_32_BIT_CONVERSION = YES;
				GCC_WARN_ABOUT_RETURN_TYPE = YES_ERROR;
				GCC_WARN_UNDECLARED_SELECTOR = YES;
				GCC_WARN_UNINITIALIZED_AUTOS = YES_AGGRESSIVE;
				GCC_WARN_UNUSED_FUNCTION = YES;
				GCC_WARN_UNUSED_VARIABLE = YES;
				IPHONEOS_DEPLOYMENT_TARGET = 17.4;
				LOCALIZATION_PREFERS_STRING_CATALOGS = YES;
				MTL_ENABLE_DEBUG_INFO = NO;
				MTL_FAST_MATH = YES;
				SDKROOT = iphoneos;
				SWIFT_COMPILATION_MODE = wholemodule;
				VALIDATE_PRODUCT = YES;
			};
			name = Release;
		};
		AA2ED6E12C0770080021BEC0 /* Debug */ = {
			isa = XCBuildConfiguration;
			buildSettings = {
				ASSETCATALOG_COMPILER_APPICON_NAME = AppIcon;
				ASSETCATALOG_COMPILER_GLOBAL_ACCENT_COLOR_NAME = AccentColor;
				ASSETCATALOG_COMPILER_INCLUDE_ALL_APPICON_ASSETS = NO;
				CODE_SIGN_STYLE = Automatic;
				CURRENT_PROJECT_VERSION = 1;
				DEVELOPMENT_ASSET_PATHS = "\"CryptoApp/Mocks\"";
				DEVELOPMENT_TEAM = FMHB2W3446;
				ENABLE_PREVIEWS = YES;
				GENERATE_INFOPLIST_FILE = YES;
				INFOPLIST_FILE = CryptoApp/Info.plist;
				INFOPLIST_KEY_CFBundleDisplayName = CryptoApp;
				INFOPLIST_KEY_LSApplicationCategoryType = "";
				INFOPLIST_KEY_UIApplicationSceneManifest_Generation = YES;
				INFOPLIST_KEY_UIApplicationSupportsIndirectInputEvents = YES;
				INFOPLIST_KEY_UILaunchStoryboardName = LogoLaunch.storyboard;
				INFOPLIST_KEY_UISupportedInterfaceOrientations = UIInterfaceOrientationPortrait;
				LD_RUNPATH_SEARCH_PATHS = (
					"$(inherited)",
					"@executable_path/Frameworks",
				);
				MARKETING_VERSION = 1.0;
				PRODUCT_BUNDLE_IDENTIFIER = es.serranogamarra.rafael.CryptoApp;
				PRODUCT_NAME = "$(TARGET_NAME)";
				SWIFT_EMIT_LOC_STRINGS = YES;
				SWIFT_VERSION = 5.0;
				TARGETED_DEVICE_FAMILY = "1,2";
			};
			name = Debug;
		};
		AA2ED6E22C0770080021BEC0 /* Release */ = {
			isa = XCBuildConfiguration;
			buildSettings = {
				ASSETCATALOG_COMPILER_APPICON_NAME = AppIcon;
				ASSETCATALOG_COMPILER_GLOBAL_ACCENT_COLOR_NAME = AccentColor;
				ASSETCATALOG_COMPILER_INCLUDE_ALL_APPICON_ASSETS = NO;
				CODE_SIGN_STYLE = Automatic;
				CURRENT_PROJECT_VERSION = 1;
				DEVELOPMENT_ASSET_PATHS = "\"CryptoApp/Mocks\"";
				DEVELOPMENT_TEAM = FMHB2W3446;
				ENABLE_PREVIEWS = YES;
				GENERATE_INFOPLIST_FILE = YES;
				INFOPLIST_FILE = CryptoApp/Info.plist;
				INFOPLIST_KEY_CFBundleDisplayName = CryptoApp;
				INFOPLIST_KEY_LSApplicationCategoryType = "";
				INFOPLIST_KEY_UIApplicationSceneManifest_Generation = YES;
				INFOPLIST_KEY_UIApplicationSupportsIndirectInputEvents = YES;
				INFOPLIST_KEY_UILaunchStoryboardName = LogoLaunch.storyboard;
				INFOPLIST_KEY_UISupportedInterfaceOrientations = UIInterfaceOrientationPortrait;
				LD_RUNPATH_SEARCH_PATHS = (
					"$(inherited)",
					"@executable_path/Frameworks",
				);
				MARKETING_VERSION = 1.0;
				PRODUCT_BUNDLE_IDENTIFIER = es.serranogamarra.rafael.CryptoApp;
				PRODUCT_NAME = "$(TARGET_NAME)";
				SWIFT_EMIT_LOC_STRINGS = YES;
				SWIFT_VERSION = 5.0;
				TARGETED_DEVICE_FAMILY = "1,2";
			};
			name = Release;
		};
/* End XCBuildConfiguration section */

/* Begin XCConfigurationList section */
		AA2ED6CD2C0770070021BEC0 /* Build configuration list for PBXProject "CryptoApp" */ = {
			isa = XCConfigurationList;
			buildConfigurations = (
				AA2ED6DE2C0770080021BEC0 /* Debug */,
				AA2ED6DF2C0770080021BEC0 /* Release */,
			);
			defaultConfigurationIsVisible = 0;
			defaultConfigurationName = Release;
		};
		AA2ED6E02C0770080021BEC0 /* Build configuration list for PBXNativeTarget "CryptoApp" */ = {
			isa = XCConfigurationList;
			buildConfigurations = (
				AA2ED6E12C0770080021BEC0 /* Debug */,
				AA2ED6E22C0770080021BEC0 /* Release */,
			);
			defaultConfigurationIsVisible = 0;
			defaultConfigurationName = Release;
		};
/* End XCConfigurationList section */

/* Begin XCRemoteSwiftPackageReference section */
		AA3EB7AB2C0B6272000C1788 /* XCRemoteSwiftPackageReference "RSGNetworkingPackage" */ = {
			isa = XCRemoteSwiftPackageReference;
			repositoryURL = "https://github.com/RafaSG13/RSGNetworkingPackage.git";
			requirement = {
				branch = main;
				kind = branch;
			};
		};
/* End XCRemoteSwiftPackageReference section */

/* Begin XCSwiftPackageProductDependency section */
		AA3EB7AF2C0B629C000C1788 /* NetworkingModule */ = {
			isa = XCSwiftPackageProductDependency;
			package = AA3EB7AB2C0B6272000C1788 /* XCRemoteSwiftPackageReference "RSGNetworkingPackage" */;
			productName = NetworkingModule;
		};
/* End XCSwiftPackageProductDependency section */

/* Begin XCVersionGroup section */
		AA452D0F2C0F57110040AF90 /* PortfolioContainer.xcdatamodeld */ = {
			isa = XCVersionGroup;
			children = (
				AA452D102C0F57110040AF90 /* PortfolioContainer.xcdatamodel */,
			);
			currentVersion = AA452D102C0F57110040AF90 /* PortfolioContainer.xcdatamodel */;
			name = PortfolioContainer.xcdatamodeld;
			path = /Users/rafael.serrano/Desktop/Personal/CryptoApp/CryptoApp/Models/PortfolioContainer.xcdatamodeld;
			sourceTree = "<group>";
			versionGroupType = wrapper.xcdatamodel;
		};
/* End XCVersionGroup section */
	};
	rootObject = AA2ED6CA2C0770070021BEC0 /* Project object */;
}
